schema = "reprobuild.solved-graph-lock.v2"

[lock]
platform = "amd64-linux"
optimal = false
inputs_digest = "fnv1a64:7cf8c4f482339755"
variants = []
packages = [{ name = "capnp", version = "1.0.0", source = "capnp", selection = "selected" }, { name = "cargo", version = "1.85.0", source = "cargo", selection = "selected" }, { name = "codetracer_solana_recorder", version = "0.1.0", source = "codetracer_solana_recorder", selection = "selected" }, { name = "gcc", version = "1.0.0", source = "gcc", selection = "selected" }, { name = "nim", version = "2.2.0", source = "nim", selection = "selected" }, { name = "nimble", version = "1.0.0", source = "nimble", selection = "selected" }, { name = "openssl", version = "1.0.0", source = "openssl", selection = "selected" }, { name = "pkg-config", version = "1.0.0", source = "pkg-config", selection = "selected" }, { name = "rustc", version = "1.85.0", source = "rustc", selection = "selected" }, { name = "zstd", version = "1.0.0", source = "zstd", selection = "selected" }]
deps = [{ name = "codetracer-solana-recorder", path = ".", coord_kind = "vcs", url = "https://github.com/metacraft-labs/codetracer-solana-recorder", ref = "relock/trace-format-call-stream", revision = "1c7f20b58a3dbf0b903cd731babf9949e61d6338", integrity = "git-sha1:1c7f20b58a3dbf0b903cd731babf9949e61d6338", version = "", visibility = "public", participation = "", depends = "codetracer-trace-format,codetracer-trace-format-nim,nix-blockchain-development", tags = "" }, { name = "codetracer-trace-format", path = "../codetracer-trace-format", coord_kind = "vcs", url = "https://github.com/metacraft-labs/codetracer-trace-format", ref = "dev", revision = "d5bb654c37c863981122793d03c8c051e72cc26e", integrity = "git-sha1:d5bb654c37c863981122793d03c8c051e72cc26e", version = "", visibility = "public", participation = "", depends = "", tags = "" }, { name = "codetracer-trace-format-nim", path = "../codetracer-trace-format-nim", coord_kind = "vcs", url = "https://github.com/metacraft-labs/codetracer-trace-format-nim", ref = "dev", revision = "4b0dcadaab3c9b4179ba8e7fda90269d2fa1be65", integrity = "git-sha1:4b0dcadaab3c9b4179ba8e7fda90269d2fa1be65", version = "", visibility = "public", participation = "", depends = "", tags = "" }, { name = "nix-blockchain-development", path = "../nix-blockchain-development", coord_kind = "vcs", url = "https://github.com/metacraft-labs/nix-blockchain-development", ref = "blocktracer", revision = "707e0d45c3b83a379b7b59ac9a0b78c479d77358", integrity = "git-sha1:707e0d45c3b83a379b7b59ac9a0b78c479d77358", version = "", visibility = "public", participation = "", depends = "", tags = "" }]
