schema = "reprobuild.solved-graph-lock.v2"

[lock]
platform = "amd64-linux"
optimal = false
inputs_digest = "fnv1a64:7cf8c4f482339755"
variants = []
packages = [{ name = "capnp", version = "1.0.0", source = "capnp", selection = "selected" }, { name = "cargo", version = "1.85.0", source = "cargo", selection = "selected" }, { name = "codetracer_solana_recorder", version = "0.1.0", source = "codetracer_solana_recorder", selection = "selected" }, { name = "gcc", version = "1.0.0", source = "gcc", selection = "selected" }, { name = "nim", version = "2.2.0", source = "nim", selection = "selected" }, { name = "nimble", version = "1.0.0", source = "nimble", selection = "selected" }, { name = "openssl", version = "1.0.0", source = "openssl", selection = "selected" }, { name = "pkg-config", version = "1.0.0", source = "pkg-config", selection = "selected" }, { name = "rustc", version = "1.85.0", source = "rustc", selection = "selected" }, { name = "zstd", version = "1.0.0", source = "zstd", selection = "selected" }]
deps = [{ name = "codetracer", path = "../codetracer", coord_kind = "vcs", url = "https://github.com/metacraft-labs/codetracer", ref = "agents", revision = "5ef15351ec4e992229b5cb6280c34b05fa9bf25f", integrity = "git-sha1:5ef15351ec4e992229b5cb6280c34b05fa9bf25f", version = "", visibility = "public", participation = "", depends = "", tags = "" }, { name = "codetracer-beam-recorder", path = "../codetracer-beam-recorder", coord_kind = "vcs", url = "https://github.com/metacraft-labs/codetracer-beam-recorder", ref = "agents", revision = "7be6346056dc6b0e6216dbd0c505c2fbf7a6a6d9", integrity = "git-sha1:7be6346056dc6b0e6216dbd0c505c2fbf7a6a6d9", version = "", visibility = "public", participation = "", depends = "", tags = "" }, { name = "codetracer-js-recorder", path = "../codetracer-js-recorder", coord_kind = "vcs", url = "https://github.com/metacraft-labs/codetracer-js-recorder", ref = "agents", revision = "17ff607ad6bb38ff2db796cefe900bd54ba1e726", integrity = "git-sha1:17ff607ad6bb38ff2db796cefe900bd54ba1e726", version = "", visibility = "public", participation = "", depends = "", tags = "" }, { name = "codetracer-launcher", path = "../codetracer-launcher", coord_kind = "vcs", url = "https://github.com/metacraft-labs/codetracer-launcher", ref = "agents", revision = "9efd35257d84113e35bbddbff9ed555da29aef3c", integrity = "git-sha1:9efd35257d84113e35bbddbff9ed555da29aef3c", version = "", visibility = "public", participation = "", depends = "", tags = "" }, { name = "codetracer-native-backend", path = "../codetracer-native-backend", coord_kind = "vcs", url = "https://github.com/metacraft-labs/codetracer-native-backend", ref = "agents", revision = "2340d09c99040a48664ebe510adba813a6e2ae45", integrity = "git-sha1:2340d09c99040a48664ebe510adba813a6e2ae45", version = "", visibility = "public", participation = "", depends = "", tags = "" }, { name = "codetracer-native-recorder", path = "../codetracer-native-recorder", coord_kind = "vcs", url = "https://github.com/metacraft-labs/codetracer-native-recorder", ref = "agents", revision = "a983f98f4bf9c16ea51ec56983736f17018144f7", integrity = "git-sha1:a983f98f4bf9c16ea51ec56983736f17018144f7", version = "", visibility = "public", participation = "", depends = "", tags = "" }, { name = "codetracer-python-recorder", path = "../codetracer-python-recorder", coord_kind = "vcs", url = "https://github.com/metacraft-labs/codetracer-python-recorder", ref = "agents", revision = "c4c2cbb85f0a2f64762cb1269ddcac5d5d258c07", integrity = "git-sha1:c4c2cbb85f0a2f64762cb1269ddcac5d5d258c07", version = "", visibility = "public", participation = "", depends = "", tags = "" }, { name = "codetracer-ruby-recorder", path = "../codetracer-ruby-recorder", coord_kind = "vcs", url = "https://github.com/metacraft-labs/codetracer-ruby-recorder", ref = "agents", revision = "b798c43bdee5ee1fb1030ba8d1fc6cb436ba1c2f", integrity = "git-sha1:b798c43bdee5ee1fb1030ba8d1fc6cb436ba1c2f", version = "", visibility = "public", participation = "", depends = "", tags = "" }, { name = "codetracer-solana-recorder", path = ".", coord_kind = "vcs", url = "https://github.com/metacraft-labs/codetracer-solana-recorder", ref = "", revision = "710fe4cddea75ae7fe1734b627e4df4a7d9a3e90", integrity = "git-sha1:710fe4cddea75ae7fe1734b627e4df4a7d9a3e90", version = "", visibility = "public", participation = "", depends = "codetracer,codetracer-beam-recorder,codetracer-js-recorder,codetracer-launcher,codetracer-native-backend,codetracer-native-recorder,codetracer-python-recorder,codetracer-ruby-recorder,codetracer-test-mirror,codetracer-trace-format,codetracer-trace-format-nim,codetracer-visual-replay,codetracer-vscode-extension,nix-blockchain-development", tags = "" }, { name = "codetracer-test-mirror", path = "../codetracer-test-mirror", coord_kind = "vcs", url = "https://github.com/metacraft-labs/codetracer-test-mirror", ref = "agents", revision = "2bf9a6fcb8b0f34d321a692b44fdb851e3c5d3e7", integrity = "git-sha1:2bf9a6fcb8b0f34d321a692b44fdb851e3c5d3e7", version = "", visibility = "public", participation = "", depends = "", tags = "" }, { name = "codetracer-trace-format", path = "../codetracer-trace-format", coord_kind = "vcs", url = "https://github.com/metacraft-labs/codetracer-trace-format", ref = "agents", revision = "3fada0b03c3d1a0cbc7c35f278aa639028d702c5", integrity = "git-sha1:3fada0b03c3d1a0cbc7c35f278aa639028d702c5", version = "", visibility = "public", participation = "", depends = "", tags = "" }, { name = "codetracer-trace-format-nim", path = "../codetracer-trace-format-nim", coord_kind = "vcs", url = "https://github.com/metacraft-labs/codetracer-trace-format-nim", ref = "agents", revision = "051efd22b00ec3b88676fb07755a65c5a4ca8fde", integrity = "git-sha1:051efd22b00ec3b88676fb07755a65c5a4ca8fde", version = "", visibility = "public", participation = "", depends = "", tags = "" }, { name = "codetracer-visual-replay", path = "../codetracer-visual-replay", coord_kind = "vcs", url = "https://github.com/metacraft-labs/codetracer-visual-replay", ref = "agents", revision = "96053fa0d726e306cd0af8727dcdeaa060ccd328", integrity = "git-sha1:96053fa0d726e306cd0af8727dcdeaa060ccd328", version = "", visibility = "public", participation = "", depends = "", tags = "" }, { name = "codetracer-vscode-extension", path = "../codetracer-vscode-extension", coord_kind = "vcs", url = "https://github.com/metacraft-labs/codetracer-vscode-extension", ref = "agents", revision = "74acd8da810740b8184afea74592c58fc2ad9754", integrity = "git-sha1:74acd8da810740b8184afea74592c58fc2ad9754", version = "", visibility = "public", participation = "", depends = "", tags = "" }, { name = "nix-blockchain-development", path = "../nix-blockchain-development", coord_kind = "vcs", url = "https://github.com/metacraft-labs/nix-blockchain-development", ref = "agents", revision = "b3fcb2ec8b1b7681168a861490b3ed1edf0aba24", integrity = "git-sha1:b3fcb2ec8b1b7681168a861490b3ed1edf0aba24", version = "", visibility = "public", participation = "", depends = "", tags = "" }]
